// !$*UTF8*$!
{
	archiveVersion = 1;
	classes = {
	};
	objectVersion = 50;
	objects = {

/* Begin PBXBuildFile section */
		990FF6BD221C41B30059C540 /* AppDelegate.swift in Sources */ = {isa = PBXBuildFile; fileRef = 990FF6BC221C41B30059C540 /* AppDelegate.swift */; };
		990FF6BF221C41B30059C540 /* ViewController.swift in Sources */ = {isa = PBXBuildFile; fileRef = 990FF6BE221C41B30059C540 /* ViewController.swift */; };
		990FF6C2221C41B30059C540 /* Main.storyboard in Resources */ = {isa = PBXBuildFile; fileRef = 990FF6C0221C41B30059C540 /* Main.storyboard */; };
		990FF6C5221C41B30059C540 /* OneThing.xcdatamodeld in Sources */ = {isa = PBXBuildFile; fileRef = 990FF6C3221C41B30059C540 /* OneThing.xcdatamodeld */; };
		990FF6C7221C41B40059C540 /* Assets.xcassets in Resources */ = {isa = PBXBuildFile; fileRef = 990FF6C6221C41B40059C540 /* Assets.xcassets */; };
		990FF6CA221C41B40059C540 /* LaunchScreen.storyboard in Resources */ = {isa = PBXBuildFile; fileRef = 990FF6C8221C41B40059C540 /* LaunchScreen.storyboard */; };
/* End PBXBuildFile section */

/* Begin PBXFileReference section */
		990FF6B9221C41B30059C540 /* OneThing.app */ = {isa = PBXFileReference; explicitFileType = wrapper.application; includeInIndex = 0; path = OneThing.app; sourceTree = BUILT_PRODUCTS_DIR; };
		990FF6BC221C41B30059C540 /* AppDelegate.swift */ = {isa = PBXFileReference; lastKnownFileType = sourcecode.swift; path = AppDelegate.swift; sourceTree = "<group>"; };
		990FF6BE221C41B30059C540 /* ViewController.swift */ = {isa = PBXFileReference; lastKnownFileType = sourcecode.swift; path = ViewController.swift; sourceTree = "<group>"; };
		990FF6C1221C41B30059C540 /* Base */ = {isa = PBXFileReference; lastKnownFileType = file.storyboard; name = Base; path = Base.lproj/Main.storyboard; sourceTree = "<group>"; };
		990FF6C4221C41B30059C540 /* OneThing.xcdatamodel */ = {isa = PBXFileReference; lastKnownFileType = wrapper.xcdatamodel; path = OneThing.xcdatamodel; sourceTree = "<group>"; };
		990FF6C6221C41B40059C540 /* Assets.xcassets */ = {isa = PBXFileReference; lastKnownFileType = folder.assetcatalog; path = Assets.xcassets; sourceTree = "<group>"; };
		990FF6C9221C41B40059C540 /* Base */ = {isa = PBXFileReference; lastKnownFileType = file.storyboard; name = Base; path = Base.lproj/LaunchScreen.storyboard; sourceTree = "<group>"; };
		990FF6CB221C41B40059C540 /* Info.plist */ = {isa = PBXFileReference; lastKnownFileType = text.plist.xml; path = Info.plist; sourceTree = "<group>"; };
/* End PBXFileReference section */

/* Begin PBXFrameworksBuildPhase section */
		990FF6B6221C41B30059C540 /* Frameworks */ = {
			isa = PBXFrameworksBuildPhase;
			buildActionMask = 2147483647;
			files = (
			);
			runOnlyForDeploymentPostprocessing = 0;
		};
/* End PBXFrameworksBuildPhase section */

/* Begin PBXGroup section */
		990FF6B0221C41B30059C540 = {
			isa = PBXGroup;
			children = (
				990FF6BB221C41B30059C540 /* OneThing */,
				990FF6BA221C41B30059C540 /* Products */,
			);
			sourceTree = "<group>";
		};
		990FF6BA221C41B30059C540 /* Products */ = {
			isa = PBXGroup;
			children = (
				990FF6B9221C41B30059C540 /* OneThing.app */,
			);
			name = Products;
			sourceTree = "<group>";
		};
		990FF6BB221C41B30059C540 /* OneThing */ = {
			isa = PBXGroup;
			children = (
				990FF6BC221C41B30059C540 /* AppDelegate.swift */,
				990FF6BE221C41B30059C540 /* ViewController.swift */,
				990FF6C0221C41B30059C540 /* Main.storyboard */,
				990FF6C6221C41B40059C540 /* Assets.xcassets */,
				990FF6C8221C41B40059C540 /* LaunchScreen.storyboard */,
				990FF6CB221C41B40059C540 /* Info.plist */,
				990FF6C3221C41B30059C540 /* OneThing.xcdatamodeld */,
			);
			path = OneThing;
			sourceTree = "<group>";
		};
/* End PBXGroup section */

/* Begin PBXNativeTarget section */
		990FF6B8221C41B30059C540 /* OneThing */ = {
			isa = PBXNativeTarget;
			buildConfigurationList = 990FF6CE221C41B40059C540 /* Build configuration list for PBXNativeTarget "OneThing" */;
			buildPhases = (
				990FF6B5221C41B30059C540 /* Sources */,
				990FF6B6221C41B30059C540 /* Frameworks */,
				990FF6B7221C41B30059C540 /* Resources */,
			);
			buildRules = (
			);
			dependencies = (
			);
			name = OneThing;
			productName = OneThing;
			productReference = 990FF6B9221C41B30059C540 /* OneThing.app */;
			productType = "com.apple.product-type.application";
		};
/* End PBXNativeTarget section */

/* Begin PBXProject section */
		990FF6B1221C41B30059C540 /* Project object */ = {
			isa = PBXProject;
			attributes = {
				LastSwiftUpdateCheck = 1010;
				LastUpgradeCheck = 1010;
				ORGANIZATIONNAME = "Sascha Hobbie";
				TargetAttributes = {
					990FF6B8221C41B30059C540 = {
						CreatedOnToolsVersion = 10.1;
					};
				};
			};
			buildConfigurationList = 990FF6B4221C41B30059C540 /* Build configuration list for PBXProject "OneThing" */;
			compatibilityVersion = "Xcode 9.3";
			developmentRegion = en;
			hasScannedForEncodings = 0;
			knownRegions = (
				en,
				Base,
			);
			mainGroup = 990FF6B0221C41B30059C540;
			productRefGroup = 990FF6BA221C41B30059C540 /* Products */;
			projectDirPath = "";
			projectRoot = "";
			targets = (
				990FF6B8221C41B30059C540 /* OneThing */,
			);
		};
/* End PBXProject section */

/* Begin PBXResourcesBuildPhase section */
		990FF6B7221C41B30059C540 /* Resources */ = {
			isa = PBXResourcesBuildPhase;
			buildActionMask = 2147483647;
			files = (
				990FF6CA221C41B40059C540 /* LaunchScreen.storyboard in Resources */,
				990FF6C7221C41B40059C540 /* Assets.xcassets in Resources */,
				990FF6C2221C41B30059C540 /* Main.storyboard in Resources */,
			);
			runOnlyForDeploymentPostprocessing = 0;
		};
/* End PBXResourcesBuildPhase section */

/* Begin PBXSourcesBuildPhase section */
		990FF6B5221C41B30059C540 /* Sources */ = {
			isa = PBXSourcesBuildPhase;
			buildActionMask = 2147483647;
			files = (
				990FF6BF221C41B30059C540 /* ViewController.swift in Sources */,
				990FF6C5221C41B30059C540 /* OneThing.xcdatamodeld in Sources */,
				990FF6BD221C41B30059C540 /* AppDelegate.swift in Sources */,
			);
			runOnlyForDeploymentPostprocessing = 0;
		};
/* End PBXSourcesBuildPhase section */

/* Begin PBXVariantGroup section */
		990FF6C0221C41B30059C540 /* Main.storyboard */ = {
			isa = PBXVariantGroup;
			children = (
				990FF6C1221C41B30059C540 /* Base */,
			);
			name = Main.storyboard;
			sourceTree = "<group>";
		};
		990FF6C8221C41B40059C540 /* LaunchScreen.storyboard */ = {
			isa = PBXVariantGroup;
			children = (
				990FF6C9221C41B40059C540 /* Base */,
			);
			name = LaunchScreen.storyboard;
			sourceTree = "<group>";
		};
/* End PBXVariantGroup section */

/* Begin XCBuildConfiguration section */
		990FF6CC221C41B40059C540 /* Debug */ = {
			isa = XCBuildConfiguration;
			buildSettings = {
				ALWAYS_SEARCH_USER_PATHS = NO;
				CLANG_ANALYZER_NONNULL = YES;
				CLANG_ANALYZER_NUMBER_OBJECT_CONVERSION = YES_AGGRESSIVE;
				CLANG_CXX_LANGUAGE_STANDARD = "gnu++14";
				CLANG_CXX_LIBRARY = "libc++";
				CLANG_ENABLE_MODULES = YES;
				CLANG_ENABLE_OBJC_ARC = YES;
				CLANG_ENABLE_OBJC_WEAK = YES;
				CLANG_WARN_BLOCK_CAPTURE_AUTORELEASING = YES;
				CLANG_WARN_BOOL_CONVERSION = YES;
				CLANG_WARN_COMMA = YES;
				CLANG_WARN_CONSTANT_CONVERSION = YES;
				CLANG_WARN_DEPRECATED_OBJC_IMPLEMENTATIONS = YES;
				CLANG_WARN_DIRECT_OBJC_ISA_USAGE = YES_ERROR;
				CLANG_WARN_DOCUMENTATION_COMMENTS = YES;
				CLANG_WARN_EMPTY_BODY = YES;
				CLANG_WARN_ENUM_CONVERSION = YES;
				CLANG_WARN_INFINITE_RECURSION = YES;
				CLANG_WARN_INT_CONVERSION = YES;
				CLANG_WARN_NON_LITERAL_NULL_CONVERSION = YES;
				CLANG_WARN_OBJC_IMPLICIT_RETAIN_SELF = YES;
				CLANG_WARN_OBJC_LITERAL_CONVERSION = YES;
				CLANG_WARN_OBJC_ROOT_CLASS = YES_ERROR;
				CLANG_WARN_RANGE_LOOP_ANALYSIS = YES;
				CLANG_WARN_STRICT_PROTOTYPES = YES;
				CLANG_WARN_SUSPICIOUS_MOVE = YES;
				CLANG_WARN_UNGUARDED_AVAILABILITY = YES_AGGRESSIVE;
				CLANG_WARN_UNREACHABLE_CODE = YES;
				CLANG_WARN__DUPLICATE_METHOD_MATCH = YES;
				CODE_SIGN_IDENTITY = "iPhone Developer";
				COPY_PHASE_STRIP = NO;
				DEBUG_INFORMATION_FORMAT = dwarf;
				ENABLE_STRICT_OBJC_MSGSEND = YES;
				ENABLE_TESTABILITY = YES;
				GCC_C_LANGUAGE_STANDARD = gnu11;
				GCC_DYNAMIC_NO_PIC = NO;
				GCC_NO_COMMON_BLOCKS = YES;
				GCC_OPTIMIZATION_LEVEL = 0;
				GCC_PREPROCESSOR_DEFINITIONS = (
					"DEBUG=1",
					"$(inherited)",
				);
				GCC_WARN_64_TO_32_BIT_CONVERSION = YES;
				GCC_WARN_ABOUT_RETURN_TYPE = YES_ERROR;
				GCC_WARN_UNDECLARED_SELECTOR = YES;
				GCC_WARN_UNINITIALIZED_AUTOS = YES_AGGRESSIVE;
				GCC_WARN_UNUSED_FUNCTION = YES;
				GCC_WARN_UNUSED_VARIABLE = YES;
				IPHONEOS_DEPLOYMENT_TARGET = 12.1;
				MTL_ENABLE_DEBUG_INFO = INCLUDE_SOURCE;
				MTL_FAST_MATH = YES;
				ONLY_ACTIVE_ARCH = YES;
				SDKROOT = iphoneos;
				SWIFT_ACTIVE_COMPILATION_CONDITIONS = DEBUG;
				SWIFT_OPTIMIZATION_LEVEL = "-Onone";
			};
			name = Debug;
		};
		990FF6CD221C41B40059C540 /* Release */ = {
			isa = XCBuildConfiguration;
			buildSettings = {
				ALWAYS_SEARCH_USER_PATHS = NO;
				CLANG_ANALYZER_NONNULL = YES;
				CLANG_ANALYZER_NUMBER_OBJECT_CONVERSION = YES_AGGRESSIVE;
				CLANG_CXX_LANGUAGE_STANDARD = "gnu++14";
				CLANG_CXX_LIBRARY = "libc++";
				CLANG_ENABLE_MODULES = YES;
				CLANG_ENABLE_OBJC_ARC = YES;
				CLANG_ENABLE_OBJC_WEAK = YES;
				CLANG_WARN_BLOCK_CAPTURE_AUTORELEASING = YES;
				CLANG_WARN_BOOL_CONVERSION = YES;
				CLANG_WARN_COMMA = YES;
				CLANG_WARN_CONSTANT_CONVERSION = YES;
				CLANG_WARN_DEPRECATED_OBJC_IMPLEMENTATIONS = YES;
				CLANG_WARN_DIRECT_OBJC_ISA_USAGE = YES_ERROR;
				CLANG_WARN_DOCUMENTATION_COMMENTS = YES;
				CLANG_WARN_EMPTY_BODY = YES;
				CLANG_WARN_ENUM_CONVERSION = YES;
				CLANG_WARN_INFINITE_RECURSION = YES;
				CLANG_WARN_INT_CONVERSION = YES;
				CLANG_WARN_NON_LITERAL_NULL_CONVERSION = YES;
				CLANG_WARN_OBJC_IMPLICIT_RETAIN_SELF = YES;
				CLANG_WARN_OBJC_LITERAL_CONVERSION = YES;
				CLANG_WARN_OBJC_ROOT_CLASS = YES_ERROR;
				CLANG_WARN_RANGE_LOOP_ANALYSIS = YES;
				CLANG_WARN_STRICT_PROTOTYPES = YES;
				CLANG_WARN_SUSPICIOUS_MOVE = YES;
				CLANG_WARN_UNGUARDED_AVAILABILITY = YES_AGGRESSIVE;
				CLANG_WARN_UNREACHABLE_CODE = YES;
				CLANG_WARN__DUPLICATE_METHOD_MATCH = YES;
				CODE_SIGN_IDENTITY = "iPhone Developer";
				COPY_PHASE_STRIP = NO;
				DEBUG_INFORMATION_FORMAT = "dwarf-with-dsym";
				ENABLE_NS_ASSERTIONS = NO;
				ENABLE_STRICT_OBJC_MSGSEND = YES;
				GCC_C_LANGUAGE_STANDARD = gnu11;
				GCC_NO_COMMON_BLOCKS = YES;
				GCC_WARN_64_TO_32_BIT_CONVERSION = YES;
				GCC_WARN_ABOUT_RETURN_TYPE = YES_ERROR;
				GCC_WARN_UNDECLARED_SELECTOR = YES;
				GCC_WARN_UNINITIALIZED_AUTOS = YES_AGGRESSIVE;
				GCC_WARN_UNUSED_FUNCTION = YES;
				GCC_WARN_UNUSED_VARIABLE = YES;
				IPHONEOS_DEPLOYMENT_TARGET = 12.1;
				MTL_ENABLE_DEBUG_INFO = NO;
				MTL_FAST_MATH = YES;
				SDKROOT = iphoneos;
				SWIFT_COMPILATION_MODE = wholemodule;
				SWIFT_OPTIMIZATION_LEVEL = "-O";
				VALIDATE_PRODUCT = YES;
			};
			name = Release;
		};
		990FF6CF221C41B40059C540 /* Debug */ = {
			isa = XCBuildConfiguration;
			buildSettings = {
				ASSETCATALOG_COMPILER_APPICON_NAME = AppIcon;
				CODE_SIGN_STYLE = Automatic;
				INFOPLIST_FILE = OneThing/Info.plist;
				LD_RUNPATH_SEARCH_PATHS = (
					"$(inherited)",
					"@executable_path/Frameworks",
				);
				PRODUCT_BUNDLE_IDENTIFIER = com.nexcolabs.OneThing;
				PRODUCT_NAME = "$(TARGET_NAME)";
				SWIFT_VERSION = 4.2;
				TARGETED_DEVICE_FAMILY = "1,2";
			};
			name = Debug;
		};
		990FF6D0221C41B40059C540 /* Release */ = {
			isa = XCBuildConfiguration;
			buildSettings = {
				ASSETCATALOG_COMPILER_APPICON_NAME = AppIcon;
				CODE_SIGN_STYLE = Automatic;
				INFOPLIST_FILE = OneThing/Info.plist;
				LD_RUNPATH_SEARCH_PATHS = (
					"$(inherited)",
					"@executable_path/Frameworks",
				);
				PRODUCT_BUNDLE_IDENTIFIER = com.nexcolabs.OneThing;
				PRODUCT_NAME = "$(TARGET_NAME)";
				SWIFT_VERSION = 4.2;
				TARGETED_DEVICE_FAMILY = "1,2";
			};
			name = Release;
		};
/* End XCBuildConfiguration section */

/* Begin XCConfigurationList section */
		990FF6B4221C41B30059C540 /* Build configuration list for PBXProject "OneThing" */ = {
			isa = XCConfigurationList;
			buildConfigurations = (
				990FF6CC221C41B40059C540 /* Debug */,
				990FF6CD221C41B40059C540 /* Release */,
			);
			defaultConfigurationIsVisible = 0;
			defaultConfigurationName = Release;
		};
		990FF6CE221C41B40059C540 /* Build configuration list for PBXNativeTarget "OneThing" */ = {
			isa = XCConfigurationList;
			buildConfigurations = (
				990FF6CF221C41B40059C540 /* Debug */,
				990FF6D0221C41B40059C540 /* Release */,
			);
			defaultConfigurationIsVisible = 0;
			defaultConfigurationName = Release;
		};
/* End XCConfigurationList section */

/* Begin XCVersionGroup section */
		990FF6C3221C41B30059C540 /* OneThing.xcdatamodeld */ = {
			isa = XCVersionGroup;
			children = (
				990FF6C4221C41B30059C540 /* OneThing.xcdatamodel */,
			);
			currentVersion = 990FF6C4221C41B30059C540 /* OneThing.xcdatamodel */;
			path = OneThing.xcdatamodeld;
			sourceTree = "<group>";
			versionGroupType = wrapper.xcdatamodel;
		};
/* End XCVersionGroup section */
	};
	rootObject = 990FF6B1221C41B30059C540 /* Project object */;
}
